PODS:
  - IRPlayer (0.1.0):
    - IRPlayer/FFMpegLib (= 0.1.0)
    - IRPlayer/Implementation (= 0.1.0)
  - IRPlayer/FFMpegLib (0.1.0)
  - IRPlayer/Implementation (0.1.0):
    - IRPlayer/FFMpegLib

DEPENDENCIES:
  - IRPlayer (from `../IRPlayer/`)

EXTERNAL SOURCES:
  IRPlayer:
    :path: "../IRPlayer/"

SPEC CHECKSUMS:
  IRPlayer: e1d95e409f0df5d0eb1c48b756be5eac3f077cc0

PODFILE CHECKSUM: 181345ac14b933547b45e73bca8cb4c1de01bece

COCOAPODS: 1.8.0.beta.2
