PODS:
  - IRPlayer (0.1.0):
    - IRPlayer/FFMpegLib (= 0.1.0)
  - IRPlayer/FFMpegLib (0.1.0)

DEPENDENCIES:
  - IRPlayer (from `../IRPlayer/`)

EXTERNAL SOURCES:
  IRPlayer:
    :path: "../IRPlayer/"

SPEC CHECKSUMS:
  IRPlayer: a766edd7960e9dfe39b1887bd604630e06cf2083

PODFILE CHECKSUM: 181345ac14b933547b45e73bca8cb4c1de01bece

COCOAPODS: 1.8.0.beta.2
